// !$*UTF8*$!
{
	archiveVersion = 1;
	classes = {
	};
	objectVersion = 48;
	objects = {

/* Begin PBXBuildFile section */
		4AA28F552079F47E007ECC1B /* blockerList.json in Resources */ = {isa = PBXBuildFile; fileRef = 4AA28F542079F47E007ECC1B /* blockerList.json */; };
		6AC48872203F45CE002BA117 /* BlockListViewController.swift in Sources */ = {isa = PBXBuildFile; fileRef = 6AC48871203F45CE002BA117 /* BlockListViewController.swift */; };
		CFA0589C202F6F2E005E6347 /* AppDelegate.swift in Sources */ = {isa = PBXBuildFile; fileRef = CFA0589B202F6F2E005E6347 /* AppDelegate.swift */; };
		CFA058A1202F6F2E005E6347 /* Main.storyboard in Resources */ = {isa = PBXBuildFile; fileRef = CFA0589F202F6F2E005E6347 /* Main.storyboard */; };
		CFA058A3202F6F2E005E6347 /* Assets.xcassets in Resources */ = {isa = PBXBuildFile; fileRef = CFA058A2202F6F2E005E6347 /* Assets.xcassets */; };
		CFA058A6202F6F2E005E6347 /* LaunchScreen.storyboard in Resources */ = {isa = PBXBuildFile; fileRef = CFA058A4202F6F2E005E6347 /* LaunchScreen.storyboard */; };
		CFA058B1202F6F2E005E6347 /* Cyber_CenturionProTests.swift in Sources */ = {isa = PBXBuildFile; fileRef = CFA058B0202F6F2E005E6347 /* Cyber_CenturionProTests.swift */; };
		CFA058BC202F6F2E005E6347 /* Cyber_CenturionProUITests.swift in Sources */ = {isa = PBXBuildFile; fileRef = CFA058BB202F6F2E005E6347 /* Cyber_CenturionProUITests.swift */; };
		CFA058D320303A07005E6347 /* OverlayMenuViewController.swift in Sources */ = {isa = PBXBuildFile; fileRef = CFA058D020303A06005E6347 /* OverlayMenuViewController.swift */; };
		CFA058D420303A07005E6347 /* Home.swift in Sources */ = {isa = PBXBuildFile; fileRef = CFA058D120303A06005E6347 /* Home.swift */; };
		CFA058D520303A07005E6347 /* SettingsViewController.swift in Sources */ = {isa = PBXBuildFile; fileRef = CFA058D220303A06005E6347 /* SettingsViewController.swift */; };
		CFA058D8203C943A005E6347 /* CommonUttils.swift in Sources */ = {isa = PBXBuildFile; fileRef = CFA058D7203C943A005E6347 /* CommonUttils.swift */; };
		CFF61517204D942600E60B55 /* SettingsTableViewCell.swift in Sources */ = {isa = PBXBuildFile; fileRef = CFF61516204D942600E60B55 /* SettingsTableViewCell.swift */; };
/* End PBXBuildFile section */

/* Begin PBXContainerItemProxy section */
		CFA058AD202F6F2E005E6347 /* PBXContainerItemProxy */ = {
			isa = PBXContainerItemProxy;
			containerPortal = CFA05890202F6F2E005E6347 /* Project object */;
			proxyType = 1;
			remoteGlobalIDString = CFA05897202F6F2E005E6347;
			remoteInfo = "Cyber CenturionPro";
		};
		CFA058B8202F6F2E005E6347 /* PBXContainerItemProxy */ = {
			isa = PBXContainerItemProxy;
			containerPortal = CFA05890202F6F2E005E6347 /* Project object */;
			proxyType = 1;
			remoteGlobalIDString = CFA05897202F6F2E005E6347;
			remoteInfo = "Cyber CenturionPro";
		};
/* End PBXContainerItemProxy section */

/* Begin PBXFileReference section */
		4AA28F542079F47E007ECC1B /* blockerList.json */ = {isa = PBXFileReference; lastKnownFileType = text.json; path = blockerList.json; sourceTree = "<group>"; };
		6AC48871203F45CE002BA117 /* BlockListViewController.swift */ = {isa = PBXFileReference; lastKnownFileType = sourcecode.swift; path = BlockListViewController.swift; sourceTree = "<group>"; };
		CFA05898202F6F2E005E6347 /* Cyber CenturionPro.app */ = {isa = PBXFileReference; explicitFileType = wrapper.application; includeInIndex = 0; path = "Cyber CenturionPro.app"; sourceTree = BUILT_PRODUCTS_DIR; };
		CFA0589B202F6F2E005E6347 /* AppDelegate.swift */ = {isa = PBXFileReference; lastKnownFileType = sourcecode.swift; path = AppDelegate.swift; sourceTree = "<group>"; };
		CFA058A0202F6F2E005E6347 /* Base */ = {isa = PBXFileReference; lastKnownFileType = file.storyboard; name = Base; path = Base.lproj/Main.storyboard; sourceTree = "<group>"; };
		CFA058A2202F6F2E005E6347 /* Assets.xcassets */ = {isa = PBXFileReference; lastKnownFileType = folder.assetcatalog; path = Assets.xcassets; sourceTree = "<group>"; };
		CFA058A5202F6F2E005E6347 /* Base */ = {isa = PBXFileReference; lastKnownFileType = file.storyboard; name = Base; path = Base.lproj/LaunchScreen.storyboard; sourceTree = "<group>"; };
		CFA058A7202F6F2E005E6347 /* Info.plist */ = {isa = PBXFileReference; lastKnownFileType = text.plist.xml; path = Info.plist; sourceTree = "<group>"; };
		CFA058AC202F6F2E005E6347 /* Cyber CenturionProTests.xctest */ = {isa = PBXFileReference; explicitFileType = wrapper.cfbundle; includeInIndex = 0; path = "Cyber CenturionProTests.xctest"; sourceTree = BUILT_PRODUCTS_DIR; };
		CFA058B0202F6F2E005E6347 /* Cyber_CenturionProTests.swift */ = {isa = PBXFileReference; lastKnownFileType = sourcecode.swift; path = Cyber_CenturionProTests.swift; sourceTree = "<group>"; };
		CFA058B2202F6F2E005E6347 /* Info.plist */ = {isa = PBXFileReference; lastKnownFileType = text.plist.xml; path = Info.plist; sourceTree = "<group>"; };
		CFA058B7202F6F2E005E6347 /* Cyber CenturionProUITests.xctest */ = {isa = PBXFileReference; explicitFileType = wrapper.cfbundle; includeInIndex = 0; path = "Cyber CenturionProUITests.xctest"; sourceTree = BUILT_PRODUCTS_DIR; };
		CFA058BB202F6F2E005E6347 /* Cyber_CenturionProUITests.swift */ = {isa = PBXFileReference; lastKnownFileType = sourcecode.swift; path = Cyber_CenturionProUITests.swift; sourceTree = "<group>"; };
		CFA058BD202F6F2E005E6347 /* Info.plist */ = {isa = PBXFileReference; lastKnownFileType = text.plist.xml; path = Info.plist; sourceTree = "<group>"; };
		CFA058D020303A06005E6347 /* OverlayMenuViewController.swift */ = {isa = PBXFileReference; fileEncoding = 4; lastKnownFileType = sourcecode.swift; path = OverlayMenuViewController.swift; sourceTree = "<group>"; };
		CFA058D120303A06005E6347 /* Home.swift */ = {isa = PBXFileReference; fileEncoding = 4; lastKnownFileType = sourcecode.swift; path = Home.swift; sourceTree = "<group>"; };
		CFA058D220303A06005E6347 /* SettingsViewController.swift */ = {isa = PBXFileReference; fileEncoding = 4; lastKnownFileType = sourcecode.swift; path = SettingsViewController.swift; sourceTree = "<group>"; };
		CFA058D7203C943A005E6347 /* CommonUttils.swift */ = {isa = PBXFileReference; lastKnownFileType = sourcecode.swift; path = CommonUttils.swift; sourceTree = "<group>"; };
		CFF61516204D942600E60B55 /* SettingsTableViewCell.swift */ = {isa = PBXFileReference; lastKnownFileType = sourcecode.swift; path = SettingsTableViewCell.swift; sourceTree = "<group>"; };
/* End PBXFileReference section */

/* Begin PBXFrameworksBuildPhase section */
		CFA05895202F6F2E005E6347 /* Frameworks */ = {
			isa = PBXFrameworksBuildPhase;
			buildActionMask = 2147483647;
			files = (
			);
			runOnlyForDeploymentPostprocessing = 0;
		};
		CFA058A9202F6F2E005E6347 /* Frameworks */ = {
			isa = PBXFrameworksBuildPhase;
			buildActionMask = 2147483647;
			files = (
			);
			runOnlyForDeploymentPostprocessing = 0;
		};
		CFA058B4202F6F2E005E6347 /* Frameworks */ = {
			isa = PBXFrameworksBuildPhase;
			buildActionMask = 2147483647;
			files = (
			);
			runOnlyForDeploymentPostprocessing = 0;
		};
/* End PBXFrameworksBuildPhase section */

/* Begin PBXGroup section */
		CFA0588F202F6F2E005E6347 = {
			isa = PBXGroup;
			children = (
				CFA0589A202F6F2E005E6347 /* Cyber CenturionPro */,
				CFA058AF202F6F2E005E6347 /* Cyber CenturionProTests */,
				CFA058BA202F6F2E005E6347 /* Cyber CenturionProUITests */,
				CFA05899202F6F2E005E6347 /* Products */,
			);
			sourceTree = "<group>";
		};
		CFA05899202F6F2E005E6347 /* Products */ = {
			isa = PBXGroup;
			children = (
				CFA05898202F6F2E005E6347 /* Cyber CenturionPro.app */,
				CFA058AC202F6F2E005E6347 /* Cyber CenturionProTests.xctest */,
				CFA058B7202F6F2E005E6347 /* Cyber CenturionProUITests.xctest */,
			);
			name = Products;
			sourceTree = "<group>";
		};
		CFA0589A202F6F2E005E6347 /* Cyber CenturionPro */ = {
			isa = PBXGroup;
			children = (
				CFA058D6203C940A005E6347 /* CommonClass */,
				CFA058CF20303A06005E6347 /* Viewcontrollers */,
				CFA0589B202F6F2E005E6347 /* AppDelegate.swift */,
				CFA0589F202F6F2E005E6347 /* Main.storyboard */,
				CFA058A2202F6F2E005E6347 /* Assets.xcassets */,
				CFA058A4202F6F2E005E6347 /* LaunchScreen.storyboard */,
				CFA058A7202F6F2E005E6347 /* Info.plist */,
				4AA28F542079F47E007ECC1B /* blockerList.json */,
			);
			path = "Cyber CenturionPro";
			sourceTree = "<group>";
		};
		CFA058AF202F6F2E005E6347 /* Cyber CenturionProTests */ = {
			isa = PBXGroup;
			children = (
				CFA058B0202F6F2E005E6347 /* Cyber_CenturionProTests.swift */,
				CFA058B2202F6F2E005E6347 /* Info.plist */,
			);
			path = "Cyber CenturionProTests";
			sourceTree = "<group>";
		};
		CFA058BA202F6F2E005E6347 /* Cyber CenturionProUITests */ = {
			isa = PBXGroup;
			children = (
				CFA058BB202F6F2E005E6347 /* Cyber_CenturionProUITests.swift */,
				CFA058BD202F6F2E005E6347 /* Info.plist */,
			);
			path = "Cyber CenturionProUITests";
			sourceTree = "<group>";
		};
		CFA058CF20303A06005E6347 /* Viewcontrollers */ = {
			isa = PBXGroup;
			children = (
				CFA058D120303A06005E6347 /* Home.swift */,
				CFA058D020303A06005E6347 /* OverlayMenuViewController.swift */,
				CFA058D220303A06005E6347 /* SettingsViewController.swift */,
				6AC48871203F45CE002BA117 /* BlockListViewController.swift */,
				CFF61516204D942600E60B55 /* SettingsTableViewCell.swift */,
			);
			path = Viewcontrollers;
			sourceTree = "<group>";
		};
		CFA058D6203C940A005E6347 /* CommonClass */ = {
			isa = PBXGroup;
			children = (
				CFA058D7203C943A005E6347 /* CommonUttils.swift */,
			);
			path = CommonClass;
			sourceTree = "<group>";
		};
/* End PBXGroup section */

/* Begin PBXNativeTarget section */
		CFA05897202F6F2E005E6347 /* Cyber CenturionPro */ = {
			isa = PBXNativeTarget;
			buildConfigurationList = CFA058C0202F6F2E005E6347 /* Build configuration list for PBXNativeTarget "Cyber CenturionPro" */;
			buildPhases = (
				CFA05894202F6F2E005E6347 /* Sources */,
				CFA05895202F6F2E005E6347 /* Frameworks */,
				CFA05896202F6F2E005E6347 /* Resources */,
			);
			buildRules = (
			);
			dependencies = (
			);
			name = "Cyber CenturionPro";
			productName = "Cyber CenturionPro";
			productReference = CFA05898202F6F2E005E6347 /* Cyber CenturionPro.app */;
			productType = "com.apple.product-type.application";
		};
		CFA058AB202F6F2E005E6347 /* Cyber CenturionProTests */ = {
			isa = PBXNativeTarget;
			buildConfigurationList = CFA058C3202F6F2E005E6347 /* Build configuration list for PBXNativeTarget "Cyber CenturionProTests" */;
			buildPhases = (
				CFA058A8202F6F2E005E6347 /* Sources */,
				CFA058A9202F6F2E005E6347 /* Frameworks */,
				CFA058AA202F6F2E005E6347 /* Resources */,
			);
			buildRules = (
			);
			dependencies = (
				CFA058AE202F6F2E005E6347 /* PBXTargetDependency */,
			);
			name = "Cyber CenturionProTests";
			productName = "Cyber CenturionProTests";
			productReference = CFA058AC202F6F2E005E6347 /* Cyber CenturionProTests.xctest */;
			productType = "com.apple.product-type.bundle.unit-test";
		};
		CFA058B6202F6F2E005E6347 /* Cyber CenturionProUITests */ = {
			isa = PBXNativeTarget;
			buildConfigurationList = CFA058C6202F6F2E005E6347 /* Build configuration list for PBXNativeTarget "Cyber CenturionProUITests" */;
			buildPhases = (
				CFA058B3202F6F2E005E6347 /* Sources */,
				CFA058B4202F6F2E005E6347 /* Frameworks */,
				CFA058B5202F6F2E005E6347 /* Resources */,
			);
			buildRules = (
			);
			dependencies = (
				CFA058B9202F6F2E005E6347 /* PBXTargetDependency */,
			);
			name = "Cyber CenturionProUITests";
			productName = "Cyber CenturionProUITests";
			productReference = CFA058B7202F6F2E005E6347 /* Cyber CenturionProUITests.xctest */;
			productType = "com.apple.product-type.bundle.ui-testing";
		};
/* End PBXNativeTarget section */

/* Begin PBXProject section */
		CFA05890202F6F2E005E6347 /* Project object */ = {
			isa = PBXProject;
			attributes = {
				LastSwiftUpdateCheck = 0920;
				LastUpgradeCheck = 0920;
				ORGANIZATIONNAME = Lokesh;
				TargetAttributes = {
					CFA05897202F6F2E005E6347 = {
						CreatedOnToolsVersion = 9.2;
						ProvisioningStyle = Manual;
					};
					CFA058AB202F6F2E005E6347 = {
						CreatedOnToolsVersion = 9.2;
						ProvisioningStyle = Automatic;
						TestTargetID = CFA05897202F6F2E005E6347;
					};
					CFA058B6202F6F2E005E6347 = {
						CreatedOnToolsVersion = 9.2;
						ProvisioningStyle = Automatic;
						TestTargetID = CFA05897202F6F2E005E6347;
					};
				};
			};
			buildConfigurationList = CFA05893202F6F2E005E6347 /* Build configuration list for PBXProject "Cyber CenturionPro" */;
			compatibilityVersion = "Xcode 8.0";
			developmentRegion = en;
			hasScannedForEncodings = 0;
			knownRegions = (
				en,
				Base,
			);
			mainGroup = CFA0588F202F6F2E005E6347;
			productRefGroup = CFA05899202F6F2E005E6347 /* Products */;
			projectDirPath = "";
			projectRoot = "";
			targets = (
				CFA05897202F6F2E005E6347 /* Cyber CenturionPro */,
				CFA058AB202F6F2E005E6347 /* Cyber CenturionProTests */,
				CFA058B6202F6F2E005E6347 /* Cyber CenturionProUITests */,
			);
		};
/* End PBXProject section */

/* Begin PBXResourcesBuildPhase section */
		CFA05896202F6F2E005E6347 /* Resources */ = {
			isa = PBXResourcesBuildPhase;
			buildActionMask = 2147483647;
			files = (
				CFA058A6202F6F2E005E6347 /* LaunchScreen.storyboard in Resources */,
				CFA058A3202F6F2E005E6347 /* Assets.xcassets in Resources */,
				CFA058A1202F6F2E005E6347 /* Main.storyboard in Resources */,
				4AA28F552079F47E007ECC1B /* blockerList.json in Resources */,
			);
			runOnlyForDeploymentPostprocessing = 0;
		};
		CFA058AA202F6F2E005E6347 /* Resources */ = {
			isa = PBXResourcesBuildPhase;
			buildActionMask = 2147483647;
			files = (
			);
			runOnlyForDeploymentPostprocessing = 0;
		};
		CFA058B5202F6F2E005E6347 /* Resources */ = {
			isa = PBXResourcesBuildPhase;
			buildActionMask = 2147483647;
			files = (
			);
			runOnlyForDeploymentPostprocessing = 0;
		};
/* End PBXResourcesBuildPhase section */

/* Begin PBXSourcesBuildPhase section */
		CFA05894202F6F2E005E6347 /* Sources */ = {
			isa = PBXSourcesBuildPhase;
			buildActionMask = 2147483647;
			files = (
				CFA058D320303A07005E6347 /* OverlayMenuViewController.swift in Sources */,
				CFA058D420303A07005E6347 /* Home.swift in Sources */,
				CFA0589C202F6F2E005E6347 /* AppDelegate.swift in Sources */,
				CFA058D520303A07005E6347 /* SettingsViewController.swift in Sources */,
				CFF61517204D942600E60B55 /* SettingsTableViewCell.swift in Sources */,
				6AC48872203F45CE002BA117 /* BlockListViewController.swift in Sources */,
				CFA058D8203C943A005E6347 /* CommonUttils.swift in Sources */,
			);
			runOnlyForDeploymentPostprocessing = 0;
		};
		CFA058A8202F6F2E005E6347 /* Sources */ = {
			isa = PBXSourcesBuildPhase;
			buildActionMask = 2147483647;
			files = (
				CFA058B1202F6F2E005E6347 /* Cyber_CenturionProTests.swift in Sources */,
			);
			runOnlyForDeploymentPostprocessing = 0;
		};
		CFA058B3202F6F2E005E6347 /* Sources */ = {
			isa = PBXSourcesBuildPhase;
			buildActionMask = 2147483647;
			files = (
				CFA058BC202F6F2E005E6347 /* Cyber_CenturionProUITests.swift in Sources */,
			);
			runOnlyForDeploymentPostprocessing = 0;
		};
/* End PBXSourcesBuildPhase section */

/* Begin PBXTargetDependency section */
		CFA058AE202F6F2E005E6347 /* PBXTargetDependency */ = {
			isa = PBXTargetDependency;
			target = CFA05897202F6F2E005E6347 /* Cyber CenturionPro */;
			targetProxy = CFA058AD202F6F2E005E6347 /* PBXContainerItemProxy */;
		};
		CFA058B9202F6F2E005E6347 /* PBXTargetDependency */ = {
			isa = PBXTargetDependency;
			target = CFA05897202F6F2E005E6347 /* Cyber CenturionPro */;
			targetProxy = CFA058B8202F6F2E005E6347 /* PBXContainerItemProxy */;
		};
/* End PBXTargetDependency section */

/* Begin PBXVariantGroup section */
		CFA0589F202F6F2E005E6347 /* Main.storyboard */ = {
			isa = PBXVariantGroup;
			children = (
				CFA058A0202F6F2E005E6347 /* Base */,
			);
			name = Main.storyboard;
			sourceTree = "<group>";
		};
		CFA058A4202F6F2E005E6347 /* LaunchScreen.storyboard */ = {
			isa = PBXVariantGroup;
			children = (
				CFA058A5202F6F2E005E6347 /* Base */,
			);
			name = LaunchScreen.storyboard;
			sourceTree = "<group>";
		};
/* End PBXVariantGroup section */

/* Begin XCBuildConfiguration section */
		CFA058BE202F6F2E005E6347 /* Debug */ = {
			isa = XCBuildConfiguration;
			buildSettings = {
				ALWAYS_SEARCH_USER_PATHS = NO;
				CLANG_ANALYZER_NONNULL = YES;
				CLANG_ANALYZER_NUMBER_OBJECT_CONVERSION = YES_AGGRESSIVE;
				CLANG_CXX_LANGUAGE_STANDARD = "gnu++14";
				CLANG_CXX_LIBRARY = "libc++";
				CLANG_ENABLE_MODULES = YES;
				CLANG_ENABLE_OBJC_ARC = YES;
				CLANG_WARN_BLOCK_CAPTURE_AUTORELEASING = YES;
				CLANG_WARN_BOOL_CONVERSION = YES;
				CLANG_WARN_COMMA = YES;
				CLANG_WARN_CONSTANT_CONVERSION = YES;
				CLANG_WARN_DIRECT_OBJC_ISA_USAGE = YES_ERROR;
				CLANG_WARN_DOCUMENTATION_COMMENTS = YES;
				CLANG_WARN_EMPTY_BODY = YES;
				CLANG_WARN_ENUM_CONVERSION = YES;
				CLANG_WARN_INFINITE_RECURSION = YES;
				CLANG_WARN_INT_CONVERSION = YES;
				CLANG_WARN_NON_LITERAL_NULL_CONVERSION = YES;
				CLANG_WARN_OBJC_LITERAL_CONVERSION = YES;
				CLANG_WARN_OBJC_ROOT_CLASS = YES_ERROR;
				CLANG_WARN_RANGE_LOOP_ANALYSIS = YES;
				CLANG_WARN_STRICT_PROTOTYPES = YES;
				CLANG_WARN_SUSPICIOUS_MOVE = YES;
				CLANG_WARN_UNGUARDED_AVAILABILITY = YES_AGGRESSIVE;
				CLANG_WARN_UNREACHABLE_CODE = YES;
				CLANG_WARN__DUPLICATE_METHOD_MATCH = YES;
				CODE_SIGN_IDENTITY = "iPhone Developer";
				COPY_PHASE_STRIP = NO;
				DEBUG_INFORMATION_FORMAT = dwarf;
				ENABLE_STRICT_OBJC_MSGSEND = YES;
				ENABLE_TESTABILITY = YES;
				GCC_C_LANGUAGE_STANDARD = gnu11;
				GCC_DYNAMIC_NO_PIC = NO;
				GCC_NO_COMMON_BLOCKS = YES;
				GCC_OPTIMIZATION_LEVEL = 0;
				GCC_PREPROCESSOR_DEFINITIONS = (
					"DEBUG=1",
					"$(inherited)",
				);
				GCC_WARN_64_TO_32_BIT_CONVERSION = YES;
				GCC_WARN_ABOUT_RETURN_TYPE = YES_ERROR;
				GCC_WARN_UNDECLARED_SELECTOR = YES;
				GCC_WARN_UNINITIALIZED_AUTOS = YES_AGGRESSIVE;
				GCC_WARN_UNUSED_FUNCTION = YES;
				GCC_WARN_UNUSED_VARIABLE = YES;
				IPHONEOS_DEPLOYMENT_TARGET = 11.2;
				MTL_ENABLE_DEBUG_INFO = YES;
				ONLY_ACTIVE_ARCH = YES;
				SDKROOT = iphoneos;
				SWIFT_ACTIVE_COMPILATION_CONDITIONS = DEBUG;
				SWIFT_OPTIMIZATION_LEVEL = "-Onone";
			};
			name = Debug;
		};
		CFA058BF202F6F2E005E6347 /* Release */ = {
			isa = XCBuildConfiguration;
			buildSettings = {
				ALWAYS_SEARCH_USER_PATHS = NO;
				CLANG_ANALYZER_NONNULL = YES;
				CLANG_ANALYZER_NUMBER_OBJECT_CONVERSION = YES_AGGRESSIVE;
				CLANG_CXX_LANGUAGE_STANDARD = "gnu++14";
				CLANG_CXX_LIBRARY = "libc++";
				CLANG_ENABLE_MODULES = YES;
				CLANG_ENABLE_OBJC_ARC = YES;
				CLANG_WARN_BLOCK_CAPTURE_AUTORELEASING = YES;
				CLANG_WARN_BOOL_CONVERSION = YES;
				CLANG_WARN_COMMA = YES;
				CLANG_WARN_CONSTANT_CONVERSION = YES;
				CLANG_WARN_DIRECT_OBJC_ISA_USAGE = YES_ERROR;
				CLANG_WARN_DOCUMENTATION_COMMENTS = YES;
				CLANG_WARN_EMPTY_BODY = YES;
				CLANG_WARN_ENUM_CONVERSION = YES;
				CLANG_WARN_INFINITE_RECURSION = YES;
				CLANG_WARN_INT_CONVERSION = YES;
				CLANG_WARN_NON_LITERAL_NULL_CONVERSION = YES;
				CLANG_WARN_OBJC_LITERAL_CONVERSION = YES;
				CLANG_WARN_OBJC_ROOT_CLASS = YES_ERROR;
				CLANG_WARN_RANGE_LOOP_ANALYSIS = YES;
				CLANG_WARN_STRICT_PROTOTYPES = YES;
				CLANG_WARN_SUSPICIOUS_MOVE = YES;
				CLANG_WARN_UNGUARDED_AVAILABILITY = YES_AGGRESSIVE;
				CLANG_WARN_UNREACHABLE_CODE = YES;
				CLANG_WARN__DUPLICATE_METHOD_MATCH = YES;
				CODE_SIGN_IDENTITY = "iPhone Developer";
				COPY_PHASE_STRIP = NO;
				DEBUG_INFORMATION_FORMAT = "dwarf-with-dsym";
				ENABLE_NS_ASSERTIONS = NO;
				ENABLE_STRICT_OBJC_MSGSEND = YES;
				GCC_C_LANGUAGE_STANDARD = gnu11;
				GCC_NO_COMMON_BLOCKS = YES;
				GCC_WARN_64_TO_32_BIT_CONVERSION = YES;
				GCC_WARN_ABOUT_RETURN_TYPE = YES_ERROR;
				GCC_WARN_UNDECLARED_SELECTOR = YES;
				GCC_WARN_UNINITIALIZED_AUTOS = YES_AGGRESSIVE;
				GCC_WARN_UNUSED_FUNCTION = YES;
				GCC_WARN_UNUSED_VARIABLE = YES;
				IPHONEOS_DEPLOYMENT_TARGET = 11.2;
				MTL_ENABLE_DEBUG_INFO = NO;
				SDKROOT = iphoneos;
				SWIFT_OPTIMIZATION_LEVEL = "-Owholemodule";
				VALIDATE_PRODUCT = YES;
			};
			name = Release;
		};
		CFA058C1202F6F2E005E6347 /* Debug */ = {
			isa = XCBuildConfiguration;
			buildSettings = {
				ASSETCATALOG_COMPILER_APPICON_NAME = AppIcon;
				CODE_SIGN_STYLE = Manual;
				DEVELOPMENT_TEAM = B6SSR8ZL7M;
				INFOPLIST_FILE = "Cyber CenturionPro/Info.plist";
				IPHONEOS_DEPLOYMENT_TARGET = 11.0;
				LD_RUNPATH_SEARCH_PATHS = "$(inherited) @executable_path/Frameworks";
				PRODUCT_BUNDLE_IDENTIFIER = com.cybercenturion.pro;
				PRODUCT_NAME = "$(TARGET_NAME)";
				PROVISIONING_PROFILE = "50915610-953b-4e22-a7f6-a695c958c959";
				PROVISIONING_PROFILE_SPECIFIER = cyber_Dev;
				SWIFT_VERSION = 4.0;
				TARGETED_DEVICE_FAMILY = 1;
			};
			name = Debug;
		};
		CFA058C2202F6F2E005E6347 /* Release */ = {
			isa = XCBuildConfiguration;
			buildSettings = {
				ASSETCATALOG_COMPILER_APPICON_NAME = AppIcon;
				"CODE_SIGN_IDENTITY[sdk=iphoneos*]" = "iPhone Distribution";
				CODE_SIGN_STYLE = Manual;
				DEVELOPMENT_TEAM = B6SSR8ZL7M;
				INFOPLIST_FILE = "Cyber CenturionPro/Info.plist";
				IPHONEOS_DEPLOYMENT_TARGET = 11.0;
				LD_RUNPATH_SEARCH_PATHS = "$(inherited) @executable_path/Frameworks";
				PRODUCT_BUNDLE_IDENTIFIER = com.cybercenturion.pro;
				PRODUCT_NAME = "$(TARGET_NAME)";
				PROVISIONING_PROFILE = "2618ce73-1d32-49e3-a6bb-4fbfed4bb46e";
				PROVISIONING_PROFILE_SPECIFIER = cyber_AdhocDistribution;
				SWIFT_VERSION = 4.0;
				TARGETED_DEVICE_FAMILY = 1;
			};
			name = Release;
		};
		CFA058C4202F6F2E005E6347 /* Debug */ = {
			isa = XCBuildConfiguration;
			buildSettings = {
				ALWAYS_EMBED_SWIFT_STANDARD_LIBRARIES = YES;
				BUNDLE_LOADER = "$(TEST_HOST)";
				CODE_SIGN_STYLE = Automatic;
				INFOPLIST_FILE = "Cyber CenturionProTests/Info.plist";
				LD_RUNPATH_SEARCH_PATHS = "$(inherited) @executable_path/Frameworks @loader_path/Frameworks";
				PRODUCT_BUNDLE_IDENTIFIER = "com.cybercenturionpro.cyber.Cyber-CenturionProTests";
				PRODUCT_NAME = "$(TARGET_NAME)";
				SWIFT_VERSION = 4.0;
				TARGETED_DEVICE_FAMILY = "1,2";
				TEST_HOST = "$(BUILT_PRODUCTS_DIR)/Cyber CenturionPro.app/Cyber CenturionPro";
			};
			name = Debug;
		};
		CFA058C5202F6F2E005E6347 /* Release */ = {
			isa = XCBuildConfiguration;
			buildSettings = {
				ALWAYS_EMBED_SWIFT_STANDARD_LIBRARIES = YES;
				BUNDLE_LOADER = "$(TEST_HOST)";
				CODE_SIGN_STYLE = Automatic;
				INFOPLIST_FILE = "Cyber CenturionProTests/Info.plist";
				LD_RUNPATH_SEARCH_PATHS = "$(inherited) @executable_path/Frameworks @loader_path/Frameworks";
				PRODUCT_BUNDLE_IDENTIFIER = "com.cybercenturionpro.cyber.Cyber-CenturionProTests";
				PRODUCT_NAME = "$(TARGET_NAME)";
				SWIFT_VERSION = 4.0;
				TARGETED_DEVICE_FAMILY = "1,2";
				TEST_HOST = "$(BUILT_PRODUCTS_DIR)/Cyber CenturionPro.app/Cyber CenturionPro";
			};
			name = Release;
		};
		CFA058C7202F6F2E005E6347 /* Debug */ = {
			isa = XCBuildConfiguration;
			buildSettings = {
				ALWAYS_EMBED_SWIFT_STANDARD_LIBRARIES = YES;
				CODE_SIGN_STYLE = Automatic;
				INFOPLIST_FILE = "Cyber CenturionProUITests/Info.plist";
				LD_RUNPATH_SEARCH_PATHS = "$(inherited) @executable_path/Frameworks @loader_path/Frameworks";
				PRODUCT_BUNDLE_IDENTIFIER = "com.cybercenturionpro.cyber.Cyber-CenturionProUITests";
				PRODUCT_NAME = "$(TARGET_NAME)";
				SWIFT_VERSION = 4.0;
				TARGETED_DEVICE_FAMILY = "1,2";
				TEST_TARGET_NAME = "Cyber CenturionPro";
			};
			name = Debug;
		};
		CFA058C8202F6F2E005E6347 /* Release */ = {
			isa = XCBuildConfiguration;
			buildSettings = {
				ALWAYS_EMBED_SWIFT_STANDARD_LIBRARIES = YES;
				CODE_SIGN_STYLE = Automatic;
				INFOPLIST_FILE = "Cyber CenturionProUITests/Info.plist";
				LD_RUNPATH_SEARCH_PATHS = "$(inherited) @executable_path/Frameworks @loader_path/Frameworks";
				PRODUCT_BUNDLE_IDENTIFIER = "com.cybercenturionpro.cyber.Cyber-CenturionProUITests";
				PRODUCT_NAME = "$(TARGET_NAME)";
				SWIFT_VERSION = 4.0;
				TARGETED_DEVICE_FAMILY = "1,2";
				TEST_TARGET_NAME = "Cyber CenturionPro";
			};
			name = Release;
		};
/* End XCBuildConfiguration section */

/* Begin XCConfigurationList section */
		CFA05893202F6F2E005E6347 /* Build configuration list for PBXProject "Cyber CenturionPro" */ = {
			isa = XCConfigurationList;
			buildConfigurations = (
				CFA058BE202F6F2E005E6347 /* Debug */,
				CFA058BF202F6F2E005E6347 /* Release */,
			);
			defaultConfigurationIsVisible = 0;
			defaultConfigurationName = Release;
		};
		CFA058C0202F6F2E005E6347 /* Build configuration list for PBXNativeTarget "Cyber CenturionPro" */ = {
			isa = XCConfigurationList;
			buildConfigurations = (
				CFA058C1202F6F2E005E6347 /* Debug */,
				CFA058C2202F6F2E005E6347 /* Release */,
			);
			defaultConfigurationIsVisible = 0;
			defaultConfigurationName = Release;
		};
		CFA058C3202F6F2E005E6347 /* Build configuration list for PBXNativeTarget "Cyber CenturionProTests" */ = {
			isa = XCConfigurationList;
			buildConfigurations = (
				CFA058C4202F6F2E005E6347 /* Debug */,
				CFA058C5202F6F2E005E6347 /* Release */,
			);
			defaultConfigurationIsVisible = 0;
			defaultConfigurationName = Release;
		};
		CFA058C6202F6F2E005E6347 /* Build configuration list for PBXNativeTarget "Cyber CenturionProUITests" */ = {
			isa = XCConfigurationList;
			buildConfigurations = (
				CFA058C7202F6F2E005E6347 /* Debug */,
				CFA058C8202F6F2E005E6347 /* Release */,
			);
			defaultConfigurationIsVisible = 0;
			defaultConfigurationName = Release;
		};
/* End XCConfigurationList section */
	};
	rootObject = CFA05890202F6F2E005E6347 /* Project object */;
}
